
Microsoft Visual Studio Solution File, Format Version 12.00
# Visual Studio Version 17
VisualStudioVersion = 17.7.34024.191
MinimumVisualStudioVersion = 10.0.40219.1
Project("{FAE04EC0-301F-11D3-BF4B-00C04F79EFBC}") = "AddressesAPI", "AddressesAPI\AddressesAPI.csproj", "{204F23A2-653D-4DC9-88B9-575839876416}"
EndProject
Global
	GlobalSection(SolutionConfigurationPlatforms) = preSolution
		Debug|Any CPU = Debug|Any CPU
		Release|Any CPU = Release|Any CPU
	EndGlobalSection
	GlobalSection(ProjectConfigurationPlatforms) = postSolution
		{204F23A2-653D-4DC9-88B9-575839876416}.Debug|Any CPU.ActiveCfg = Debug|Any CPU
		{204F23A2-653D-4DC9-88B9-575839876416}.Debug|Any CPU.Build.0 = Debug|Any CPU
		{204F23A2-653D-4DC9-88B9-575839876416}.Release|Any CPU.ActiveCfg = Release|Any CPU
		{204F23A2-653D-4DC9-88B9-575839876416}.Release|Any CPU.Build.0 = Release|Any CPU
	EndGlobalSection
	GlobalSection(SolutionProperties) = preSolution
		HideSolutionNode = FALSE
	EndGlobalSection
	GlobalSection(ExtensibilityGlobals) = postSolution
		SolutionGuid = {19BB0BEC-44F7-46C8-AC32-FB47354BBB41}
	EndGlobalSection
EndGlobal
